{
  "version": "v1",
  "packages": {
    "@caerusjs/cli": {
      "signature": "75b9534de7c662993db51193fb4d6892",
      "file": true
    },
    "@caerusjs/helpers": {
      "signature": "27d96453d6c92fd1a0fb62fdb837ea6e",
      "file": true
    },
    "@caerusjs/dalton": {
      "signature": "20088d3cba9abb70c47d20ef0a445db2",
      "file": true
    },
    "@caerusjs/themes": {
      "signature": "a1bb5986de1a487b0c5fa7fb6121de02",
      "file": true
    }
  }
}