{
  "version": "v1",
  "packages": {
    "@caerusjs/cli": {
      "signature": "b34ab1035f635d8d36fdf49985d95cb6",
      "file": true
    },
    "@caerusjs/helpers": {
      "signature": "27d96453d6c92fd1a0fb62fdb837ea6e",
      "file": true
    },
    "@caerusjs/dalton": {
      "signature": "6f593eeb9c77d783083c454737852b7a",
      "file": true
    },
    "@caerusjs/themes": {
      "signature": "7a8185a0fc28b13c4d523bddcd4b840a",
      "file": true
    }
  }
}